// !$*UTF8*$!
{
	archiveVersion = 1;
	classes = {
	};
	objectVersion = 46;
	objects = {

/* Begin PBXBuildFile section */
		4013B0CF198F18C5009925DA /* AccelerometerFilter.m in Sources */ = {isa = PBXBuildFile; fileRef = 4013B0CC198F18C5009925DA /* AccelerometerFilter.m */; };
		4013B0D5198F1D1B009925DA /* APLGraphView.m in Sources */ = {isa = PBXBuildFile; fileRef = 4013B0D4198F1D1B009925DA /* APLGraphView.m */; };
		402D420F198843BE0011ADB1 /* Foundation.framework in Frameworks */ = {isa = PBXBuildFile; fileRef = 402D420E198843BE0011ADB1 /* Foundation.framework */; };
		402D4211198843BE0011ADB1 /* CoreGraphics.framework in Frameworks */ = {isa = PBXBuildFile; fileRef = 402D4210198843BE0011ADB1 /* CoreGraphics.framework */; };
		402D4213198843BE0011ADB1 /* UIKit.framework in Frameworks */ = {isa = PBXBuildFile; fileRef = 402D4212198843BE0011ADB1 /* UIKit.framework */; };
		40A68479199BD2420054F49D /* MBProgressHUD.m in Sources */ = {isa = PBXBuildFile; fileRef = 40A68478199BD2420054F49D /* MBProgressHUD.m */; };
		40B1D2161A3681240051CBC6 /* MetaWear.framework in Frameworks */ = {isa = PBXBuildFile; fileRef = 40B1D2151A3681240051CBC6 /* MetaWear.framework */; };
		40D97BF619897CB400F55A09 /* AppDelegate.m in Sources */ = {isa = PBXBuildFile; fileRef = 40D97BF119897CB400F55A09 /* AppDelegate.m */; };
		40D97BF719897CB400F55A09 /* DevicesTableViewController.m in Sources */ = {isa = PBXBuildFile; fileRef = 40D97BF319897CB400F55A09 /* DevicesTableViewController.m */; };
		40D97BF819897CB400F55A09 /* Images.xcassets in Resources */ = {isa = PBXBuildFile; fileRef = 40D97BF419897CB400F55A09 /* Images.xcassets */; };
		40D97BF919897CB400F55A09 /* Main.storyboard in Resources */ = {isa = PBXBuildFile; fileRef = 40D97BF519897CB400F55A09 /* Main.storyboard */; };
		40D97C0F19897DD700F55A09 /* main.m in Sources */ = {isa = PBXBuildFile; fileRef = 40D97C0B19897DD700F55A09 /* main.m */; };
		40D97C1619897F0100F55A09 /* InfoPlist.strings in Resources */ = {isa = PBXBuildFile; fileRef = 40D97C1219897E1000F55A09 /* InfoPlist.strings */; };
		40D97C1D1989CD1300F55A09 /* DeviceDetailViewController.m in Sources */ = {isa = PBXBuildFile; fileRef = 40D97C1C1989CD1300F55A09 /* DeviceDetailViewController.m */; };
		FE0E3AB41A389B3000834DE4 /* TCPSfx.m in Sources */ = {isa = PBXBuildFile; fileRef = FE0E3AB31A389B3000834DE4 /* TCPSfx.m */; };
		FE0E3AB71A389B3E00834DE4 /* jump.wav in Resources */ = {isa = PBXBuildFile; fileRef = FE0E3AB51A389B3E00834DE4 /* jump.wav */; };
		FE0E3AB81A389B3E00834DE4 /* land.wav in Resources */ = {isa = PBXBuildFile; fileRef = FE0E3AB61A389B3E00834DE4 /* land.wav */; };
		FE40F0551A4AAF7D00FAABA6 /* AccelRose.m in Sources */ = {isa = PBXBuildFile; fileRef = FE40F0541A4AAF7D00FAABA6 /* AccelRose.m */; };
/* End PBXBuildFile section */

/* Begin PBXFileReference section */
		4013B0CB198F18C5009925DA /* AccelerometerFilter.h */ = {isa = PBXFileReference; fileEncoding = 4; lastKnownFileType = sourcecode.c.h; path = AccelerometerFilter.h; sourceTree = "<group>"; };
		4013B0CC198F18C5009925DA /* AccelerometerFilter.m */ = {isa = PBXFileReference; fileEncoding = 4; lastKnownFileType = sourcecode.c.objc; path = AccelerometerFilter.m; sourceTree = "<group>"; };
		4013B0D3198F1D1B009925DA /* APLGraphView.h */ = {isa = PBXFileReference; fileEncoding = 4; lastKnownFileType = sourcecode.c.h; path = APLGraphView.h; sourceTree = "<group>"; };
		4013B0D4198F1D1B009925DA /* APLGraphView.m */ = {isa = PBXFileReference; fileEncoding = 4; lastKnownFileType = sourcecode.c.objc; path = APLGraphView.m; sourceTree = "<group>"; };
		402D420B198843BE0011ADB1 /* MetaWearApiTest.app */ = {isa = PBXFileReference; explicitFileType = wrapper.application; includeInIndex = 0; path = MetaWearApiTest.app; sourceTree = BUILT_PRODUCTS_DIR; };
		402D420E198843BE0011ADB1 /* Foundation.framework */ = {isa = PBXFileReference; lastKnownFileType = wrapper.framework; name = Foundation.framework; path = System/Library/Frameworks/Foundation.framework; sourceTree = SDKROOT; };
		402D4210198843BE0011ADB1 /* CoreGraphics.framework */ = {isa = PBXFileReference; lastKnownFileType = wrapper.framework; name = CoreGraphics.framework; path = System/Library/Frameworks/CoreGraphics.framework; sourceTree = SDKROOT; };
		402D4212198843BE0011ADB1 /* UIKit.framework */ = {isa = PBXFileReference; lastKnownFileType = wrapper.framework; name = UIKit.framework; path = System/Library/Frameworks/UIKit.framework; sourceTree = SDKROOT; };
		40A68477199BD2420054F49D /* MBProgressHUD.h */ = {isa = PBXFileReference; fileEncoding = 4; lastKnownFileType = sourcecode.c.h; name = MBProgressHUD.h; path = MBProgressHUD/MBProgressHUD.h; sourceTree = "<group>"; };
		40A68478199BD2420054F49D /* MBProgressHUD.m */ = {isa = PBXFileReference; fileEncoding = 4; lastKnownFileType = sourcecode.c.objc; name = MBProgressHUD.m; path = MBProgressHUD/MBProgressHUD.m; sourceTree = "<group>"; };
		40B1D2151A3681240051CBC6 /* MetaWear.framework */ = {isa = PBXFileReference; lastKnownFileType = wrapper.framework; path = MetaWear.framework; sourceTree = "<group>"; };
		40D97BF019897CB400F55A09 /* AppDelegate.h */ = {isa = PBXFileReference; fileEncoding = 4; lastKnownFileType = sourcecode.c.h; name = AppDelegate.h; path = MetaWearApiTest/AppDelegate.h; sourceTree = "<group>"; };
		40D97BF119897CB400F55A09 /* AppDelegate.m */ = {isa = PBXFileReference; fileEncoding = 4; lastKnownFileType = sourcecode.c.objc; name = AppDelegate.m; path = MetaWearApiTest/AppDelegate.m; sourceTree = "<group>"; };
		40D97BF219897CB400F55A09 /* DevicesTableViewController.h */ = {isa = PBXFileReference; fileEncoding = 4; lastKnownFileType = sourcecode.c.h; name = DevicesTableViewController.h; path = MetaWearApiTest/DevicesTableViewController.h; sourceTree = "<group>"; };
		40D97BF319897CB400F55A09 /* DevicesTableViewController.m */ = {isa = PBXFileReference; fileEncoding = 4; lastKnownFileType = sourcecode.c.objc; name = DevicesTableViewController.m; path = MetaWearApiTest/DevicesTableViewController.m; sourceTree = "<group>"; };
		40D97BF419897CB400F55A09 /* Images.xcassets */ = {isa = PBXFileReference; lastKnownFileType = folder.assetcatalog; name = Images.xcassets; path = MetaWearApiTest/Images.xcassets; sourceTree = "<group>"; };
		40D97BF519897CB400F55A09 /* Main.storyboard */ = {isa = PBXFileReference; fileEncoding = 4; lastKnownFileType = file.storyboard; name = Main.storyboard; path = MetaWearApiTest/Main.storyboard; sourceTree = "<group>"; };
		40D97C0B19897DD700F55A09 /* main.m */ = {isa = PBXFileReference; fileEncoding = 4; lastKnownFileType = sourcecode.c.objc; name = main.m; path = MetaWearApiTest/main.m; sourceTree = "<group>"; };
		40D97C0C19897DD700F55A09 /* MetaWearApiTest-Info.plist */ = {isa = PBXFileReference; fileEncoding = 4; lastKnownFileType = text.plist.xml; name = "MetaWearApiTest-Info.plist"; path = "MetaWearApiTest/MetaWearApiTest-Info.plist"; sourceTree = "<group>"; };
		40D97C0D19897DD700F55A09 /* MetaWearApiTest-Prefix.pch */ = {isa = PBXFileReference; fileEncoding = 4; lastKnownFileType = sourcecode.c.h; name = "MetaWearApiTest-Prefix.pch"; path = "MetaWearApiTest/MetaWearApiTest-Prefix.pch"; sourceTree = "<group>"; };
		40D97C1319897E1000F55A09 /* en */ = {isa = PBXFileReference; lastKnownFileType = text.plist.strings; name = en; path = MetaWearApiTest/en.lproj/InfoPlist.strings; sourceTree = "<group>"; };
		40D97C1B1989CD1300F55A09 /* DeviceDetailViewController.h */ = {isa = PBXFileReference; fileEncoding = 4; lastKnownFileType = sourcecode.c.h; name = DeviceDetailViewController.h; path = MetaWearApiTest/DeviceDetailViewController.h; sourceTree = "<group>"; };
		40D97C1C1989CD1300F55A09 /* DeviceDetailViewController.m */ = {isa = PBXFileReference; fileEncoding = 4; lastKnownFileType = sourcecode.c.objc; name = DeviceDetailViewController.m; path = MetaWearApiTest/DeviceDetailViewController.m; sourceTree = "<group>"; };
		FE0E3AB21A389B3000834DE4 /* TCPSfx.h */ = {isa = PBXFileReference; fileEncoding = 4; lastKnownFileType = sourcecode.c.h; path = TCPSfx.h; sourceTree = "<group>"; };
		FE0E3AB31A389B3000834DE4 /* TCPSfx.m */ = {isa = PBXFileReference; fileEncoding = 4; lastKnownFileType = sourcecode.c.objc; path = TCPSfx.m; sourceTree = "<group>"; };
		FE0E3AB51A389B3E00834DE4 /* jump.wav */ = {isa = PBXFileReference; lastKnownFileType = audio.wav; path = jump.wav; sourceTree = "<group>"; };
		FE0E3AB61A389B3E00834DE4 /* land.wav */ = {isa = PBXFileReference; lastKnownFileType = audio.wav; path = land.wav; sourceTree = "<group>"; };
		FE40F0531A4AAF7D00FAABA6 /* AccelRose.h */ = {isa = PBXFileReference; fileEncoding = 4; lastKnownFileType = sourcecode.c.h; path = AccelRose.h; sourceTree = "<group>"; };
		FE40F0541A4AAF7D00FAABA6 /* AccelRose.m */ = {isa = PBXFileReference; fileEncoding = 4; lastKnownFileType = sourcecode.c.objc; path = AccelRose.m; sourceTree = "<group>"; };
/* End PBXFileReference section */

/* Begin PBXFrameworksBuildPhase section */
		402D4208198843BE0011ADB1 /* Frameworks */ = {
			isa = PBXFrameworksBuildPhase;
			buildActionMask = 2147483647;
			files = (
				40B1D2161A3681240051CBC6 /* MetaWear.framework in Frameworks */,
				402D4211198843BE0011ADB1 /* CoreGraphics.framework in Frameworks */,
				402D4213198843BE0011ADB1 /* UIKit.framework in Frameworks */,
				402D420F198843BE0011ADB1 /* Foundation.framework in Frameworks */,
			);
			runOnlyForDeploymentPostprocessing = 0;
		};
/* End PBXFrameworksBuildPhase section */

/* Begin PBXGroup section */
		4013B0CA198F18C5009925DA /* Accelerometer */ = {
			isa = PBXGroup;
			children = (
				4013B0CB198F18C5009925DA /* AccelerometerFilter.h */,
				4013B0CC198F18C5009925DA /* AccelerometerFilter.m */,
				4013B0D3198F1D1B009925DA /* APLGraphView.h */,
				4013B0D4198F1D1B009925DA /* APLGraphView.m */,
			);
			path = Accelerometer;
			sourceTree = "<group>";
		};
		402D4202198843BE0011ADB1 = {
			isa = PBXGroup;
			children = (
				FE40F0501A4AA96000FAABA6 /* Lib */,
				FE40F04F1A4AA92800FAABA6 /* Resources */,
				4013B0CA198F18C5009925DA /* Accelerometer */,
				40D97BFA19897CBB00F55A09 /* MetaWear */,
				40D97C1119897DE100F55A09 /* Supporting Files */,
			);
			sourceTree = "<group>";
		};
		402D420C198843BE0011ADB1 /* Products */ = {
			isa = PBXGroup;
			children = (
				402D420B198843BE0011ADB1 /* MetaWearApiTest.app */,
			);
			name = Products;
			sourceTree = "<group>";
		};
		402D420D198843BE0011ADB1 /* Frameworks */ = {
			isa = PBXGroup;
			children = (
				40B1D2151A3681240051CBC6 /* MetaWear.framework */,
				402D420E198843BE0011ADB1 /* Foundation.framework */,
				402D4210198843BE0011ADB1 /* CoreGraphics.framework */,
				402D4212198843BE0011ADB1 /* UIKit.framework */,
			);
			name = Frameworks;
			sourceTree = "<group>";
		};
		40D97BFA19897CBB00F55A09 /* MetaWear */ = {
			isa = PBXGroup;
			children = (
				40D97BF219897CB400F55A09 /* DevicesTableViewController.h */,
				40D97BF319897CB400F55A09 /* DevicesTableViewController.m */,
				40D97C1B1989CD1300F55A09 /* DeviceDetailViewController.h */,
				40D97C1C1989CD1300F55A09 /* DeviceDetailViewController.m */,
				40D97BF519897CB400F55A09 /* Main.storyboard */,
			);
			name = MetaWear;
			sourceTree = "<group>";
		};
		40D97C1119897DE100F55A09 /* Supporting Files */ = {
			isa = PBXGroup;
			children = (
				402D420C198843BE0011ADB1 /* Products */,
				402D420D198843BE0011ADB1 /* Frameworks */,
				40D97BF419897CB400F55A09 /* Images.xcassets */,
				40D97BF019897CB400F55A09 /* AppDelegate.h */,
				40D97BF119897CB400F55A09 /* AppDelegate.m */,
				40D97C0C19897DD700F55A09 /* MetaWearApiTest-Info.plist */,
				40D97C1219897E1000F55A09 /* InfoPlist.strings */,
				40D97C0B19897DD700F55A09 /* main.m */,
				40D97C0D19897DD700F55A09 /* MetaWearApiTest-Prefix.pch */,
			);
			name = "Supporting Files";
			sourceTree = "<group>";
		};
		40D97C1E198C095B00F55A09 /* MBProgressHUD */ = {
			isa = PBXGroup;
			children = (
				40A68477199BD2420054F49D /* MBProgressHUD.h */,
				40A68478199BD2420054F49D /* MBProgressHUD.m */,
			);
			name = MBProgressHUD;
			sourceTree = "<group>";
		};
		FE40F04F1A4AA92800FAABA6 /* Resources */ = {
			isa = PBXGroup;
			children = (
				FE0E3AB51A389B3E00834DE4 /* jump.wav */,
				FE0E3AB61A389B3E00834DE4 /* land.wav */,
			);
			name = Resources;
			sourceTree = "<group>";
		};
		FE40F0501A4AA96000FAABA6 /* Lib */ = {
			isa = PBXGroup;
			children = (
				FE40F0561A4AAF8200FAABA6 /* AccelRose */,
				40D97C1E198C095B00F55A09 /* MBProgressHUD */,
				FE40F0511A4AA97100FAABA6 /* TCPSfx */,
			);
			name = Lib;
			sourceTree = "<group>";
		};
		FE40F0511A4AA97100FAABA6 /* TCPSfx */ = {
			isa = PBXGroup;
			children = (
				FE0E3AB21A389B3000834DE4 /* TCPSfx.h */,
				FE0E3AB31A389B3000834DE4 /* TCPSfx.m */,
			);
			name = TCPSfx;
			sourceTree = "<group>";
		};
		FE40F0561A4AAF8200FAABA6 /* AccelRose */ = {
			isa = PBXGroup;
			children = (
				FE40F0531A4AAF7D00FAABA6 /* AccelRose.h */,
				FE40F0541A4AAF7D00FAABA6 /* AccelRose.m */,
			);
			name = AccelRose;
			sourceTree = "<group>";
		};
/* End PBXGroup section */

/* Begin PBXNativeTarget section */
		402D420A198843BE0011ADB1 /* MetaWearApiTest */ = {
			isa = PBXNativeTarget;
			buildConfigurationList = 402D4237198843BF0011ADB1 /* Build configuration list for PBXNativeTarget "MetaWearApiTest" */;
			buildPhases = (
				402D4207198843BE0011ADB1 /* Sources */,
				402D4208198843BE0011ADB1 /* Frameworks */,
				402D4209198843BE0011ADB1 /* Resources */,
			);
			buildRules = (
			);
			dependencies = (
			);
			name = MetaWearApiTest;
			productName = MetaWareApiTest;
			productReference = 402D420B198843BE0011ADB1 /* MetaWearApiTest.app */;
			productType = "com.apple.product-type.application";
		};
/* End PBXNativeTarget section */

/* Begin PBXProject section */
		402D4203198843BE0011ADB1 /* Project object */ = {
			isa = PBXProject;
			attributes = {
				LastUpgradeCheck = 0510;
				ORGANIZATIONNAME = MbientLab;
				TargetAttributes = {
					402D420A198843BE0011ADB1 = {
						DevelopmentTeam = C548T5A96A;
						SystemCapabilities = {
							com.apple.BackgroundModes = {
								enabled = 1;
							};
						};
					};
				};
			};
			buildConfigurationList = 402D4206198843BE0011ADB1 /* Build configuration list for PBXProject "MetaWearApiTest" */;
			compatibilityVersion = "Xcode 3.2";
			developmentRegion = English;
			hasScannedForEncodings = 0;
			knownRegions = (
				en,
			);
			mainGroup = 402D4202198843BE0011ADB1;
			productRefGroup = 402D420C198843BE0011ADB1 /* Products */;
			projectDirPath = "";
			projectRoot = "";
			targets = (
				402D420A198843BE0011ADB1 /* MetaWearApiTest */,
			);
		};
/* End PBXProject section */

/* Begin PBXResourcesBuildPhase section */
		402D4209198843BE0011ADB1 /* Resources */ = {
			isa = PBXResourcesBuildPhase;
			buildActionMask = 2147483647;
			files = (
				FE0E3AB81A389B3E00834DE4 /* land.wav in Resources */,
				FE0E3AB71A389B3E00834DE4 /* jump.wav in Resources */,
				40D97C1619897F0100F55A09 /* InfoPlist.strings in Resources */,
				40D97BF819897CB400F55A09 /* Images.xcassets in Resources */,
				40D97BF919897CB400F55A09 /* Main.storyboard in Resources */,
			);
			runOnlyForDeploymentPostprocessing = 0;
		};
/* End PBXResourcesBuildPhase section */

/* Begin PBXSourcesBuildPhase section */
		402D4207198843BE0011ADB1 /* Sources */ = {
			isa = PBXSourcesBuildPhase;
			buildActionMask = 2147483647;
			files = (
				40D97BF619897CB400F55A09 /* AppDelegate.m in Sources */,
				4013B0CF198F18C5009925DA /* AccelerometerFilter.m in Sources */,
				40D97C1D1989CD1300F55A09 /* DeviceDetailViewController.m in Sources */,
				4013B0D5198F1D1B009925DA /* APLGraphView.m in Sources */,
				40D97C0F19897DD700F55A09 /* main.m in Sources */,
				FE0E3AB41A389B3000834DE4 /* TCPSfx.m in Sources */,
				40D97BF719897CB400F55A09 /* DevicesTableViewController.m in Sources */,
				40A68479199BD2420054F49D /* MBProgressHUD.m in Sources */,
				FE40F0551A4AAF7D00FAABA6 /* AccelRose.m in Sources */,
			);
			runOnlyForDeploymentPostprocessing = 0;
		};
/* End PBXSourcesBuildPhase section */

/* Begin PBXVariantGroup section */
		40D97C1219897E1000F55A09 /* InfoPlist.strings */ = {
			isa = PBXVariantGroup;
			children = (
				40D97C1319897E1000F55A09 /* en */,
			);
			name = InfoPlist.strings;
			sourceTree = "<group>";
		};
/* End PBXVariantGroup section */

/* Begin XCBuildConfiguration section */
		402D4235198843BF0011ADB1 /* Debug */ = {
			isa = XCBuildConfiguration;
			buildSettings = {
				ALWAYS_SEARCH_USER_PATHS = NO;
				CLANG_CXX_LANGUAGE_STANDARD = "gnu++0x";
				CLANG_CXX_LIBRARY = "libc++";
				CLANG_ENABLE_MODULES = YES;
				CLANG_ENABLE_OBJC_ARC = YES;
				CLANG_WARN_BOOL_CONVERSION = YES;
				CLANG_WARN_CONSTANT_CONVERSION = YES;
				CLANG_WARN_DIRECT_OBJC_ISA_USAGE = YES_ERROR;
				CLANG_WARN_EMPTY_BODY = YES;
				CLANG_WARN_ENUM_CONVERSION = YES;
				CLANG_WARN_INT_CONVERSION = YES;
				CLANG_WARN_OBJC_ROOT_CLASS = YES_ERROR;
				CLANG_WARN__DUPLICATE_METHOD_MATCH = YES;
				"CODE_SIGN_IDENTITY[sdk=iphoneos*]" = "iPhone Developer";
				COPY_PHASE_STRIP = NO;
				GCC_C_LANGUAGE_STANDARD = gnu99;
				GCC_DYNAMIC_NO_PIC = NO;
				GCC_OPTIMIZATION_LEVEL = 0;
				GCC_PREPROCESSOR_DEFINITIONS = (
					"DEBUG=1",
					"$(inherited)",
				);
				GCC_SYMBOLS_PRIVATE_EXTERN = NO;
				GCC_WARN_64_TO_32_BIT_CONVERSION = YES;
				GCC_WARN_ABOUT_RETURN_TYPE = YES_ERROR;
				GCC_WARN_UNDECLARED_SELECTOR = YES;
				GCC_WARN_UNINITIALIZED_AUTOS = YES_AGGRESSIVE;
				GCC_WARN_UNUSED_FUNCTION = YES;
				GCC_WARN_UNUSED_VARIABLE = YES;
				IPHONEOS_DEPLOYMENT_TARGET = 7.1;
				ONLY_ACTIVE_ARCH = YES;
				SDKROOT = iphoneos;
			};
			name = Debug;
		};
		402D4236198843BF0011ADB1 /* Release */ = {
			isa = XCBuildConfiguration;
			buildSettings = {
				ALWAYS_SEARCH_USER_PATHS = NO;
				CLANG_CXX_LANGUAGE_STANDARD = "gnu++0x";
				CLANG_CXX_LIBRARY = "libc++";
				CLANG_ENABLE_MODULES = YES;
				CLANG_ENABLE_OBJC_ARC = YES;
				CLANG_WARN_BOOL_CONVERSION = YES;
				CLANG_WARN_CONSTANT_CONVERSION = YES;
				CLANG_WARN_DIRECT_OBJC_ISA_USAGE = YES_ERROR;
				CLANG_WARN_EMPTY_BODY = YES;
				CLANG_WARN_ENUM_CONVERSION = YES;
				CLANG_WARN_INT_CONVERSION = YES;
				CLANG_WARN_OBJC_ROOT_CLASS = YES_ERROR;
				CLANG_WARN__DUPLICATE_METHOD_MATCH = YES;
				"CODE_SIGN_IDENTITY[sdk=iphoneos*]" = "iPhone Developer";
				COPY_PHASE_STRIP = YES;
				ENABLE_NS_ASSERTIONS = NO;
				GCC_C_LANGUAGE_STANDARD = gnu99;
				GCC_WARN_64_TO_32_BIT_CONVERSION = YES;
				GCC_WARN_ABOUT_RETURN_TYPE = YES_ERROR;
				GCC_WARN_UNDECLARED_SELECTOR = YES;
				GCC_WARN_UNINITIALIZED_AUTOS = YES_AGGRESSIVE;
				GCC_WARN_UNUSED_FUNCTION = YES;
				GCC_WARN_UNUSED_VARIABLE = YES;
				IPHONEOS_DEPLOYMENT_TARGET = 7.1;
				SDKROOT = iphoneos;
				VALIDATE_PRODUCT = YES;
			};
			name = Release;
		};
		402D4238198843BF0011ADB1 /* Debug */ = {
			isa = XCBuildConfiguration;
			buildSettings = {
				ASSETCATALOG_COMPILER_APPICON_NAME = AppIcon;
				ASSETCATALOG_COMPILER_LAUNCHIMAGE_NAME = LaunchImage;
				CODE_SIGN_IDENTITY = "iPhone Developer";
				FRAMEWORK_SEARCH_PATHS = (
					"$(inherited)",
					"$(PROJECT_DIR)",
				);
				GCC_PRECOMPILE_PREFIX_HEADER = YES;
				GCC_PREFIX_HEADER = "MetaWearApiTest/MetaWearApiTest-Prefix.pch";
				INFOPLIST_FILE = "MetaWearApiTest/MetaWearApiTest-Info.plist";
				PRODUCT_NAME = MetaWearApiTest;
				WRAPPER_EXTENSION = app;
			};
			name = Debug;
		};
		402D4239198843BF0011ADB1 /* Release */ = {
			isa = XCBuildConfiguration;
			buildSettings = {
				ASSETCATALOG_COMPILER_APPICON_NAME = AppIcon;
				ASSETCATALOG_COMPILER_LAUNCHIMAGE_NAME = LaunchImage;
				CODE_SIGN_IDENTITY = "iPhone Developer";
				FRAMEWORK_SEARCH_PATHS = (
					"$(inherited)",
					"$(PROJECT_DIR)",
				);
				GCC_PRECOMPILE_PREFIX_HEADER = YES;
				GCC_PREFIX_HEADER = "MetaWearApiTest/MetaWearApiTest-Prefix.pch";
				INFOPLIST_FILE = "MetaWearApiTest/MetaWearApiTest-Info.plist";
				PRODUCT_NAME = MetaWearApiTest;
				WRAPPER_EXTENSION = app;
			};
			name = Release;
		};
/* End XCBuildConfiguration section */

/* Begin XCConfigurationList section */
		402D4206198843BE0011ADB1 /* Build configuration list for PBXProject "MetaWearApiTest" */ = {
			isa = XCConfigurationList;
			buildConfigurations = (
				402D4235198843BF0011ADB1 /* Debug */,
				402D4236198843BF0011ADB1 /* Release */,
			);
			defaultConfigurationIsVisible = 0;
			defaultConfigurationName = Release;
		};
		402D4237198843BF0011ADB1 /* Build configuration list for PBXNativeTarget "MetaWearApiTest" */ = {
			isa = XCConfigurationList;
			buildConfigurations = (
				402D4238198843BF0011ADB1 /* Debug */,
				402D4239198843BF0011ADB1 /* Release */,
			);
			defaultConfigurationIsVisible = 0;
			defaultConfigurationName = Release;
		};
/* End XCConfigurationList section */
	};
	rootObject = 402D4203198843BE0011ADB1 /* Project object */;
}
